Microsoft Visual Studio Solution File, Format Version 11.00
# Visual Studio 2008

Project("{F2AB5FB2-18DA-8B84-623F-45579AA4BA11}") = "sources", "Assembly-CSharp-vs.csproj", "{51274145-2D58-5DB3-8DFD-DD0B47247B60}"
EndProject
Project("{F2AB5FB2-18DA-8B84-623F-45579AA4BA11}") = "sources", "Assembly-CSharp-Editor-vs.csproj", "{B800E62B-0A7C-F722-369E-AD2960E6A5C0}"
EndProject
Global
	GlobalSection(SolutionConfigurationPlatforms) = preSolution
		Debug|Any CPU = Debug|Any CPU
		Release|Any CPU = Release|Any CPU
	EndGlobalSection
	GlobalSection(ProjectConfigurationPlatforms) = postSolution
		{51274145-2D58-5DB3-8DFD-DD0B47247B60}.Debug|Any CPU.ActiveCfg = Debug|Any CPU
		{51274145-2D58-5DB3-8DFD-DD0B47247B60}.Debug|Any CPU.Build.0 = Debug|Any CPU
		{51274145-2D58-5DB3-8DFD-DD0B47247B60}.Release|Any CPU.ActiveCfg = Release|Any CPU
		{51274145-2D58-5DB3-8DFD-DD0B47247B60}.Release|Any CPU.Build.0 = Release|Any CPU
		{B800E62B-0A7C-F722-369E-AD2960E6A5C0}.Debug|Any CPU.ActiveCfg = Debug|Any CPU
		{B800E62B-0A7C-F722-369E-AD2960E6A5C0}.Debug|Any CPU.Build.0 = Debug|Any CPU
		{B800E62B-0A7C-F722-369E-AD2960E6A5C0}.Release|Any CPU.ActiveCfg = Release|Any CPU
		{B800E62B-0A7C-F722-369E-AD2960E6A5C0}.Release|Any CPU.Build.0 = Release|Any CPU
	EndGlobalSection
	GlobalSection(SolutionProperties) = preSolution
		HideSolutionNode = FALSE
	EndGlobalSection
																																										GlobalSection(MonoDevelopProperties) = preSolution
		StartupItem = Assembly-CSharp.csproj
		Policies = $0
		$0.TextStylePolicy = $1
		$1.inheritsSet = null
		$1.scope = text/x-csharp
		$0.CSharpFormattingPolicy = $2
		$2.inheritsSet = Mono
		$2.inheritsScope = text/x-csharp
		$2.scope = text/x-csharp
		$0.TextStylePolicy = $3
		$3.FileWidth = 120
		$3.TabWidth = 4
		$3.EolMarker = Unix
		$3.inheritsSet = Mono
		$3.inheritsScope = text/plain
		$3.scope = text/plain
	EndGlobalSection

EndGlobal
